
Microsoft Visual Studio Solution File, Format Version 12.00
# Visual Studio Version 16
VisualStudioVersion = 16.0.29613.14
MinimumVisualStudioVersion = 10.0.40219.1
Project("{FAE04EC0-301F-11D3-BF4B-00C04F79EFBC}") = "MVCTicariOtomasyon", "MVCTicariOtomasyon\MVCTicariOtomasyon.csproj", "{2B215348-50CE-4138-80FF-91BB56895DB2}"
EndProject
Global
	GlobalSection(SolutionConfigurationPlatforms) = preSolution
		Debug|Any CPU = Debug|Any CPU
		Release|Any CPU = Release|Any CPU
	EndGlobalSection
	GlobalSection(ProjectConfigurationPlatforms) = postSolution
		{2B215348-50CE-4138-80FF-91BB56895DB2}.Debug|Any CPU.ActiveCfg = Debug|Any CPU
		{2B215348-50CE-4138-80FF-91BB56895DB2}.Debug|Any CPU.Build.0 = Debug|Any CPU
		{2B215348-50CE-4138-80FF-91BB56895DB2}.Release|Any CPU.ActiveCfg = Release|Any CPU
		{2B215348-50CE-4138-80FF-91BB56895DB2}.Release|Any CPU.Build.0 = Release|Any CPU
	EndGlobalSection
	GlobalSection(SolutionProperties) = preSolution
		HideSolutionNode = FALSE
	EndGlobalSection
	GlobalSection(ExtensibilityGlobals) = postSolution
		SolutionGuid = {C5AE4674-7D85-498F-BAB8-917FBC62134A}
	EndGlobalSection
EndGlobal
